{
  "name": "github-workflows-visualization",
  "version": "1.0.0",
  "lockfileVersion": 3,
  "requires": true,
  "packages": {
    "": {
      "name": "github-workflows-visualization",
      "version": "1.0.0",
      "license": "ISC",
      "dependencies": {
        "graphviz": "^0.0.9",
        "minimist": "^1.2.8",
        "yaml": "^2.3.4"
      }
    },
    "node_modules/graphviz": {
      "version": "0.0.9",
      "resolved": "https://registry.npmjs.org/graphviz/-/graphviz-0.0.9.tgz",
      "integrity": "sha512-SmoY2pOtcikmMCqCSy2NO1YsRfu9OO0wpTlOYW++giGjfX1a6gax/m1Fo8IdUd0/3H15cTOfR1SMKwohj4LKsg==",
      "dependencies": {
        "temp": "~0.4.0"
      },
      "engines": {
        "node": ">=0.6.8"
      }
    },
    "node_modules/minimist": {
      "version": "1.2.8",
      "resolved": "https://registry.npmjs.org/minimist/-/minimist-1.2.8.tgz",
      "integrity": "sha512-2yyAR8qBkN3YuheJanUpWC5U3bb5osDywNB8RzDVlDwDHbocAJveqqj1u8+SVD7jkWT4yvsHCpWqqWqAxb0zCA==",
      "funding": {
        "url": "https://github.com/sponsors/ljharb"
      }
    },
    "node_modules/temp": {
      "version": "0.4.0",
      "resolved": "https://registry.npmjs.org/temp/-/temp-0.4.0.tgz",
      "integrity": "sha512-IsFisGgDKk7qzK9erMIkQe/XwiSUdac7z3wYOsjcLkhPBy3k1SlvLoIh2dAHIlEpgA971CgguMrx9z8fFg7tSA==",
      "engines": [
        "node >=0.4.0"
      ]
    },
    "node_modules/yaml": {
      "version": "2.3.4",
      "resolved": "https://registry.npmjs.org/yaml/-/yaml-2.3.4.tgz",
      "integrity": "sha512-8aAvwVUSHpfEqTQ4w/KMlf3HcRdt50E5ODIQJBw1fQ5RL34xabzxtUlzTXVqc4rkZsPbvrXKWnABCD7kWSmocA==",
      "engines": {
        "node": ">= 14"
      }
    }
  }
}
